
Microsoft Visual Studio Solution File, Format Version 12.00
# Visual Studio Version 16
VisualStudioVersion = 16.0.30204.135
MinimumVisualStudioVersion = 10.0.40219.1
Project("{9A19103F-16F7-4668-BE54-9A1E7A4F7556}") = "SolutionBD", "SolutionBD\SolutionBD.csproj", "{DDC6CBDD-D957-43B1-87A2-C9E39D6407D2}"
EndProject
Project("{FAE04EC0-301F-11D3-BF4B-00C04F79EFBC}") = "SolutionBD.Service", "SolutionBD.Service\SolutionBD.Service.csproj", "{5F517FFA-39F3-4ED4-8C36-8C76F99CE54F}"
EndProject
Project("{FAE04EC0-301F-11D3-BF4B-00C04F79EFBC}") = "SolutionBD.Repository", "SolutionBD.Repository\SolutionBD.Repository.csproj", "{C977F1F6-4364-47DC-A5CB-1625D86442E5}"
EndProject
Project("{FAE04EC0-301F-11D3-BF4B-00C04F79EFBC}") = "SolutionBD.Domain", "SolutionBD.Domain\SolutionBD.Domain.csproj", "{282EDA43-066E-43F1-B5AF-EF5D04CF1B44}"
EndProject
Project("{FAE04EC0-301F-11D3-BF4B-00C04F79EFBC}") = "SolutionBD.DataContext", "SolutionBD.DataContext\SolutionBD.DataContext.csproj", "{03DD91C3-31E1-418B-8158-E4DADD4C0A23}"
EndProject
Global
	GlobalSection(SolutionConfigurationPlatforms) = preSolution
		Debug|Any CPU = Debug|Any CPU
		Release|Any CPU = Release|Any CPU
	EndGlobalSection
	GlobalSection(ProjectConfigurationPlatforms) = postSolution
		{DDC6CBDD-D957-43B1-87A2-C9E39D6407D2}.Debug|Any CPU.ActiveCfg = Debug|Any CPU
		{DDC6CBDD-D957-43B1-87A2-C9E39D6407D2}.Debug|Any CPU.Build.0 = Debug|Any CPU
		{DDC6CBDD-D957-43B1-87A2-C9E39D6407D2}.Release|Any CPU.ActiveCfg = Release|Any CPU
		{DDC6CBDD-D957-43B1-87A2-C9E39D6407D2}.Release|Any CPU.Build.0 = Release|Any CPU
		{5F517FFA-39F3-4ED4-8C36-8C76F99CE54F}.Debug|Any CPU.ActiveCfg = Debug|Any CPU
		{5F517FFA-39F3-4ED4-8C36-8C76F99CE54F}.Debug|Any CPU.Build.0 = Debug|Any CPU
		{5F517FFA-39F3-4ED4-8C36-8C76F99CE54F}.Release|Any CPU.ActiveCfg = Release|Any CPU
		{5F517FFA-39F3-4ED4-8C36-8C76F99CE54F}.Release|Any CPU.Build.0 = Release|Any CPU
		{C977F1F6-4364-47DC-A5CB-1625D86442E5}.Debug|Any CPU.ActiveCfg = Debug|Any CPU
		{C977F1F6-4364-47DC-A5CB-1625D86442E5}.Debug|Any CPU.Build.0 = Debug|Any CPU
		{C977F1F6-4364-47DC-A5CB-1625D86442E5}.Release|Any CPU.ActiveCfg = Release|Any CPU
		{C977F1F6-4364-47DC-A5CB-1625D86442E5}.Release|Any CPU.Build.0 = Release|Any CPU
		{282EDA43-066E-43F1-B5AF-EF5D04CF1B44}.Debug|Any CPU.ActiveCfg = Debug|Any CPU
		{282EDA43-066E-43F1-B5AF-EF5D04CF1B44}.Debug|Any CPU.Build.0 = Debug|Any CPU
		{282EDA43-066E-43F1-B5AF-EF5D04CF1B44}.Release|Any CPU.ActiveCfg = Release|Any CPU
		{282EDA43-066E-43F1-B5AF-EF5D04CF1B44}.Release|Any CPU.Build.0 = Release|Any CPU
		{03DD91C3-31E1-418B-8158-E4DADD4C0A23}.Debug|Any CPU.ActiveCfg = Debug|Any CPU
		{03DD91C3-31E1-418B-8158-E4DADD4C0A23}.Debug|Any CPU.Build.0 = Debug|Any CPU
		{03DD91C3-31E1-418B-8158-E4DADD4C0A23}.Release|Any CPU.ActiveCfg = Release|Any CPU
		{03DD91C3-31E1-418B-8158-E4DADD4C0A23}.Release|Any CPU.Build.0 = Release|Any CPU
	EndGlobalSection
	GlobalSection(SolutionProperties) = preSolution
		HideSolutionNode = FALSE
	EndGlobalSection
	GlobalSection(ExtensibilityGlobals) = postSolution
		SolutionGuid = {88B3F575-E995-492D-8570-BC83F832421E}
	EndGlobalSection
EndGlobal
